
Microsoft Visual Studio Solution File, Format Version 12.00
# Visual Studio Version 16
VisualStudioVersion = 16.0.30711.63
MinimumVisualStudioVersion = 10.0.40219.1
Project("{FAE04EC0-301F-11D3-BF4B-00C04F79EFBC}") = "PrimeNumbers.Shared.PrimeCalculation", "PrimeNumbers.Shared.PrimeCalculation\PrimeNumbers.Shared.PrimeCalculation.csproj", "{C0433AF3-E4E3-4953-BAD3-073047621600}"
EndProject
Global
	GlobalSection(SolutionConfigurationPlatforms) = preSolution
		Debug|x64 = Debug|x64
		Release|x64 = Release|x64
	EndGlobalSection
	GlobalSection(ProjectConfigurationPlatforms) = postSolution
		{C0433AF3-E4E3-4953-BAD3-073047621600}.Debug|x64.ActiveCfg = Debug|x64
		{C0433AF3-E4E3-4953-BAD3-073047621600}.Debug|x64.Build.0 = Debug|x64
		{C0433AF3-E4E3-4953-BAD3-073047621600}.Release|x64.ActiveCfg = Release|x64
		{C0433AF3-E4E3-4953-BAD3-073047621600}.Release|x64.Build.0 = Release|x64
	EndGlobalSection
	GlobalSection(SolutionProperties) = preSolution
		HideSolutionNode = FALSE
	EndGlobalSection
	GlobalSection(ExtensibilityGlobals) = postSolution
		SolutionGuid = {BAFDD81A-1F5F-4DF6-A683-531564835898}
	EndGlobalSection
EndGlobal
